// !$*UTF8*$!
{
	archiveVersion = 1;
	classes = {
	};
	objectVersion = 50;
	objects = {

/* Begin PBXBuildFile section */
		4FE4A89E20F601A500A750EF /* AppDelegate.swift in Sources */ = {isa = PBXBuildFile; fileRef = 4FE4A89D20F601A500A750EF /* AppDelegate.swift */; };
		4FE4A8A020F601A500A750EF /* ViewController.swift in Sources */ = {isa = PBXBuildFile; fileRef = 4FE4A89F20F601A500A750EF /* ViewController.swift */; };
		4FE4A8A320F601A500A750EF /* Main.storyboard in Resources */ = {isa = PBXBuildFile; fileRef = 4FE4A8A120F601A500A750EF /* Main.storyboard */; };
		4FE4A8A520F601B100A750EF /* Assets.xcassets in Resources */ = {isa = PBXBuildFile; fileRef = 4FE4A8A420F601B100A750EF /* Assets.xcassets */; };
		4FE4A8A820F601B100A750EF /* LaunchScreen.storyboard in Resources */ = {isa = PBXBuildFile; fileRef = 4FE4A8A620F601B100A750EF /* LaunchScreen.storyboard */; };
		4FE4A8B020F601FB00A750EF /* FilterSwiperViewController.swift in Sources */ = {isa = PBXBuildFile; fileRef = 4FE4A8AF20F601FB00A750EF /* FilterSwiperViewController.swift */; };
		4FE4A8B220F62AD400A750EF /* FilterViewController.swift in Sources */ = {isa = PBXBuildFile; fileRef = 4FE4A8B120F62AD400A750EF /* FilterViewController.swift */; };
/* End PBXBuildFile section */

/* Begin PBXFileReference section */
		4FE4A89A20F601A500A750EF /* FilterSwiper.app */ = {isa = PBXFileReference; explicitFileType = wrapper.application; includeInIndex = 0; path = FilterSwiper.app; sourceTree = BUILT_PRODUCTS_DIR; };
		4FE4A89D20F601A500A750EF /* AppDelegate.swift */ = {isa = PBXFileReference; lastKnownFileType = sourcecode.swift; path = AppDelegate.swift; sourceTree = "<group>"; };
		4FE4A89F20F601A500A750EF /* ViewController.swift */ = {isa = PBXFileReference; lastKnownFileType = sourcecode.swift; path = ViewController.swift; sourceTree = "<group>"; };
		4FE4A8A220F601A500A750EF /* Base */ = {isa = PBXFileReference; lastKnownFileType = file.storyboard; name = Base; path = Base.lproj/Main.storyboard; sourceTree = "<group>"; };
		4FE4A8A420F601B100A750EF /* Assets.xcassets */ = {isa = PBXFileReference; lastKnownFileType = folder.assetcatalog; path = Assets.xcassets; sourceTree = "<group>"; };
		4FE4A8A720F601B100A750EF /* Base */ = {isa = PBXFileReference; lastKnownFileType = file.storyboard; name = Base; path = Base.lproj/LaunchScreen.storyboard; sourceTree = "<group>"; };
		4FE4A8A920F601B100A750EF /* Info.plist */ = {isa = PBXFileReference; lastKnownFileType = text.plist.xml; path = Info.plist; sourceTree = "<group>"; };
		4FE4A8AF20F601FB00A750EF /* FilterSwiperViewController.swift */ = {isa = PBXFileReference; lastKnownFileType = sourcecode.swift; path = FilterSwiperViewController.swift; sourceTree = "<group>"; };
		4FE4A8B120F62AD400A750EF /* FilterViewController.swift */ = {isa = PBXFileReference; lastKnownFileType = sourcecode.swift; path = FilterViewController.swift; sourceTree = "<group>"; };
/* End PBXFileReference section */

/* Begin PBXFrameworksBuildPhase section */
		4FE4A89720F601A500A750EF /* Frameworks */ = {
			isa = PBXFrameworksBuildPhase;
			buildActionMask = 2147483647;
			files = (
			);
			runOnlyForDeploymentPostprocessing = 0;
		};
/* End PBXFrameworksBuildPhase section */

/* Begin PBXGroup section */
		4FE4A89120F601A400A750EF = {
			isa = PBXGroup;
			children = (
				4FE4A89C20F601A500A750EF /* FilterSwiper */,
				4FE4A89B20F601A500A750EF /* Products */,
			);
			sourceTree = "<group>";
		};
		4FE4A89B20F601A500A750EF /* Products */ = {
			isa = PBXGroup;
			children = (
				4FE4A89A20F601A500A750EF /* FilterSwiper.app */,
			);
			name = Products;
			sourceTree = "<group>";
		};
		4FE4A89C20F601A500A750EF /* FilterSwiper */ = {
			isa = PBXGroup;
			children = (
				4FE4A89D20F601A500A750EF /* AppDelegate.swift */,
				4FE4A89F20F601A500A750EF /* ViewController.swift */,
				4FE4A8AF20F601FB00A750EF /* FilterSwiperViewController.swift */,
				4FE4A8B120F62AD400A750EF /* FilterViewController.swift */,
				4FE4A8A120F601A500A750EF /* Main.storyboard */,
				4FE4A8A420F601B100A750EF /* Assets.xcassets */,
				4FE4A8A620F601B100A750EF /* LaunchScreen.storyboard */,
				4FE4A8A920F601B100A750EF /* Info.plist */,
			);
			path = FilterSwiper;
			sourceTree = "<group>";
		};
/* End PBXGroup section */

/* Begin PBXNativeTarget section */
		4FE4A89920F601A500A750EF /* FilterSwiper */ = {
			isa = PBXNativeTarget;
			buildConfigurationList = 4FE4A8AC20F601B100A750EF /* Build configuration list for PBXNativeTarget "FilterSwiper" */;
			buildPhases = (
				4FE4A89620F601A500A750EF /* Sources */,
				4FE4A89720F601A500A750EF /* Frameworks */,
				4FE4A89820F601A500A750EF /* Resources */,
			);
			buildRules = (
			);
			dependencies = (
			);
			name = FilterSwiper;
			productName = FilterSwiper;
			productReference = 4FE4A89A20F601A500A750EF /* FilterSwiper.app */;
			productType = "com.apple.product-type.application";
		};
/* End PBXNativeTarget section */

/* Begin PBXProject section */
		4FE4A89220F601A400A750EF /* Project object */ = {
			isa = PBXProject;
			attributes = {
				LastSwiftUpdateCheck = 0940;
				LastUpgradeCheck = 0940;
				ORGANIZATIONNAME = "Jamesir Yao";
				TargetAttributes = {
					4FE4A89920F601A500A750EF = {
						CreatedOnToolsVersion = 9.4.1;
					};
				};
			};
			buildConfigurationList = 4FE4A89520F601A400A750EF /* Build configuration list for PBXProject "FilterSwiper" */;
			compatibilityVersion = "Xcode 9.3";
			developmentRegion = en;
			hasScannedForEncodings = 0;
			knownRegions = (
				en,
				Base,
			);
			mainGroup = 4FE4A89120F601A400A750EF;
			productRefGroup = 4FE4A89B20F601A500A750EF /* Products */;
			projectDirPath = "";
			projectRoot = "";
			targets = (
				4FE4A89920F601A500A750EF /* FilterSwiper */,
			);
		};
/* End PBXProject section */

/* Begin PBXResourcesBuildPhase section */
		4FE4A89820F601A500A750EF /* Resources */ = {
			isa = PBXResourcesBuildPhase;
			buildActionMask = 2147483647;
			files = (
				4FE4A8A820F601B100A750EF /* LaunchScreen.storyboard in Resources */,
				4FE4A8A520F601B100A750EF /* Assets.xcassets in Resources */,
				4FE4A8A320F601A500A750EF /* Main.storyboard in Resources */,
			);
			runOnlyForDeploymentPostprocessing = 0;
		};
/* End PBXResourcesBuildPhase section */

/* Begin PBXSourcesBuildPhase section */
		4FE4A89620F601A500A750EF /* Sources */ = {
			isa = PBXSourcesBuildPhase;
			buildActionMask = 2147483647;
			files = (
				4FE4A8A020F601A500A750EF /* ViewController.swift in Sources */,
				4FE4A8B020F601FB00A750EF /* FilterSwiperViewController.swift in Sources */,
				4FE4A8B220F62AD400A750EF /* FilterViewController.swift in Sources */,
				4FE4A89E20F601A500A750EF /* AppDelegate.swift in Sources */,
			);
			runOnlyForDeploymentPostprocessing = 0;
		};
/* End PBXSourcesBuildPhase section */

/* Begin PBXVariantGroup section */
		4FE4A8A120F601A500A750EF /* Main.storyboard */ = {
			isa = PBXVariantGroup;
			children = (
				4FE4A8A220F601A500A750EF /* Base */,
			);
			name = Main.storyboard;
			sourceTree = "<group>";
		};
		4FE4A8A620F601B100A750EF /* LaunchScreen.storyboard */ = {
			isa = PBXVariantGroup;
			children = (
				4FE4A8A720F601B100A750EF /* Base */,
			);
			name = LaunchScreen.storyboard;
			sourceTree = "<group>";
		};
/* End PBXVariantGroup section */

/* Begin XCBuildConfiguration section */
		4FE4A8AA20F601B100A750EF /* Debug */ = {
			isa = XCBuildConfiguration;
			buildSettings = {
				ALWAYS_SEARCH_USER_PATHS = NO;
				CLANG_ANALYZER_NONNULL = YES;
				CLANG_ANALYZER_NUMBER_OBJECT_CONVERSION = YES_AGGRESSIVE;
				CLANG_CXX_LANGUAGE_STANDARD = "gnu++14";
				CLANG_CXX_LIBRARY = "libc++";
				CLANG_ENABLE_MODULES = YES;
				CLANG_ENABLE_OBJC_ARC = YES;
				CLANG_ENABLE_OBJC_WEAK = YES;
				CLANG_WARN_BLOCK_CAPTURE_AUTORELEASING = YES;
				CLANG_WARN_BOOL_CONVERSION = YES;
				CLANG_WARN_COMMA = YES;
				CLANG_WARN_CONSTANT_CONVERSION = YES;
				CLANG_WARN_DEPRECATED_OBJC_IMPLEMENTATIONS = YES;
				CLANG_WARN_DIRECT_OBJC_ISA_USAGE = YES_ERROR;
				CLANG_WARN_DOCUMENTATION_COMMENTS = YES;
				CLANG_WARN_EMPTY_BODY = YES;
				CLANG_WARN_ENUM_CONVERSION = YES;
				CLANG_WARN_INFINITE_RECURSION = YES;
				CLANG_WARN_INT_CONVERSION = YES;
				CLANG_WARN_NON_LITERAL_NULL_CONVERSION = YES;
				CLANG_WARN_OBJC_IMPLICIT_RETAIN_SELF = YES;
				CLANG_WARN_OBJC_LITERAL_CONVERSION = YES;
				CLANG_WARN_OBJC_ROOT_CLASS = YES_ERROR;
				CLANG_WARN_RANGE_LOOP_ANALYSIS = YES;
				CLANG_WARN_STRICT_PROTOTYPES = YES;
				CLANG_WARN_SUSPICIOUS_MOVE = YES;
				CLANG_WARN_UNGUARDED_AVAILABILITY = YES_AGGRESSIVE;
				CLANG_WARN_UNREACHABLE_CODE = YES;
				CLANG_WARN__DUPLICATE_METHOD_MATCH = YES;
				CODE_SIGN_IDENTITY = "iPhone Developer";
				COPY_PHASE_STRIP = NO;
				DEBUG_INFORMATION_FORMAT = dwarf;
				ENABLE_STRICT_OBJC_MSGSEND = YES;
				ENABLE_TESTABILITY = YES;
				GCC_C_LANGUAGE_STANDARD = gnu11;
				GCC_DYNAMIC_NO_PIC = NO;
				GCC_NO_COMMON_BLOCKS = YES;
				GCC_OPTIMIZATION_LEVEL = 0;
				GCC_PREPROCESSOR_DEFINITIONS = (
					"DEBUG=1",
					"$(inherited)",
				);
				GCC_WARN_64_TO_32_BIT_CONVERSION = YES;
				GCC_WARN_ABOUT_RETURN_TYPE = YES_ERROR;
				GCC_WARN_UNDECLARED_SELECTOR = YES;
				GCC_WARN_UNINITIALIZED_AUTOS = YES_AGGRESSIVE;
				GCC_WARN_UNUSED_FUNCTION = YES;
				GCC_WARN_UNUSED_VARIABLE = YES;
				IPHONEOS_DEPLOYMENT_TARGET = 11.4;
				MTL_ENABLE_DEBUG_INFO = YES;
				ONLY_ACTIVE_ARCH = YES;
				SDKROOT = iphoneos;
				SWIFT_ACTIVE_COMPILATION_CONDITIONS = DEBUG;
				SWIFT_OPTIMIZATION_LEVEL = "-Onone";
			};
			name = Debug;
		};
		4FE4A8AB20F601B100A750EF /* Release */ = {
			isa = XCBuildConfiguration;
			buildSettings = {
				ALWAYS_SEARCH_USER_PATHS = NO;
				CLANG_ANALYZER_NONNULL = YES;
				CLANG_ANALYZER_NUMBER_OBJECT_CONVERSION = YES_AGGRESSIVE;
				CLANG_CXX_LANGUAGE_STANDARD = "gnu++14";
				CLANG_CXX_LIBRARY = "libc++";
				CLANG_ENABLE_MODULES = YES;
				CLANG_ENABLE_OBJC_ARC = YES;
				CLANG_ENABLE_OBJC_WEAK = YES;
				CLANG_WARN_BLOCK_CAPTURE_AUTORELEASING = YES;
				CLANG_WARN_BOOL_CONVERSION = YES;
				CLANG_WARN_COMMA = YES;
				CLANG_WARN_CONSTANT_CONVERSION = YES;
				CLANG_WARN_DEPRECATED_OBJC_IMPLEMENTATIONS = YES;
				CLANG_WARN_DIRECT_OBJC_ISA_USAGE = YES_ERROR;
				CLANG_WARN_DOCUMENTATION_COMMENTS = YES;
				CLANG_WARN_EMPTY_BODY = YES;
				CLANG_WARN_ENUM_CONVERSION = YES;
				CLANG_WARN_INFINITE_RECURSION = YES;
				CLANG_WARN_INT_CONVERSION = YES;
				CLANG_WARN_NON_LITERAL_NULL_CONVERSION = YES;
				CLANG_WARN_OBJC_IMPLICIT_RETAIN_SELF = YES;
				CLANG_WARN_OBJC_LITERAL_CONVERSION = YES;
				CLANG_WARN_OBJC_ROOT_CLASS = YES_ERROR;
				CLANG_WARN_RANGE_LOOP_ANALYSIS = YES;
				CLANG_WARN_STRICT_PROTOTYPES = YES;
				CLANG_WARN_SUSPICIOUS_MOVE = YES;
				CLANG_WARN_UNGUARDED_AVAILABILITY = YES_AGGRESSIVE;
				CLANG_WARN_UNREACHABLE_CODE = YES;
				CLANG_WARN__DUPLICATE_METHOD_MATCH = YES;
				CODE_SIGN_IDENTITY = "iPhone Developer";
				COPY_PHASE_STRIP = NO;
				DEBUG_INFORMATION_FORMAT = "dwarf-with-dsym";
				ENABLE_NS_ASSERTIONS = NO;
				ENABLE_STRICT_OBJC_MSGSEND = YES;
				GCC_C_LANGUAGE_STANDARD = gnu11;
				GCC_NO_COMMON_BLOCKS = YES;
				GCC_WARN_64_TO_32_BIT_CONVERSION = YES;
				GCC_WARN_ABOUT_RETURN_TYPE = YES_ERROR;
				GCC_WARN_UNDECLARED_SELECTOR = YES;
				GCC_WARN_UNINITIALIZED_AUTOS = YES_AGGRESSIVE;
				GCC_WARN_UNUSED_FUNCTION = YES;
				GCC_WARN_UNUSED_VARIABLE = YES;
				IPHONEOS_DEPLOYMENT_TARGET = 11.4;
				MTL_ENABLE_DEBUG_INFO = NO;
				SDKROOT = iphoneos;
				SWIFT_COMPILATION_MODE = wholemodule;
				SWIFT_OPTIMIZATION_LEVEL = "-O";
				VALIDATE_PRODUCT = YES;
			};
			name = Release;
		};
		4FE4A8AD20F601B100A750EF /* Debug */ = {
			isa = XCBuildConfiguration;
			buildSettings = {
				ASSETCATALOG_COMPILER_APPICON_NAME = AppIcon;
				CODE_SIGN_STYLE = Automatic;
				DEVELOPMENT_TEAM = JXDJUJJWJC;
				INFOPLIST_FILE = FilterSwiper/Info.plist;
				LD_RUNPATH_SEARCH_PATHS = (
					"$(inherited)",
					"@executable_path/Frameworks",
				);
				PRODUCT_BUNDLE_IDENTIFIER = com.jamesir.FilterSwiper;
				PRODUCT_NAME = "$(TARGET_NAME)";
				SWIFT_VERSION = 4.0;
				TARGETED_DEVICE_FAMILY = "1,2";
			};
			name = Debug;
		};
		4FE4A8AE20F601B100A750EF /* Release */ = {
			isa = XCBuildConfiguration;
			buildSettings = {
				ASSETCATALOG_COMPILER_APPICON_NAME = AppIcon;
				CODE_SIGN_STYLE = Automatic;
				DEVELOPMENT_TEAM = JXDJUJJWJC;
				INFOPLIST_FILE = FilterSwiper/Info.plist;
				LD_RUNPATH_SEARCH_PATHS = (
					"$(inherited)",
					"@executable_path/Frameworks",
				);
				PRODUCT_BUNDLE_IDENTIFIER = com.jamesir.FilterSwiper;
				PRODUCT_NAME = "$(TARGET_NAME)";
				SWIFT_VERSION = 4.0;
				TARGETED_DEVICE_FAMILY = "1,2";
			};
			name = Release;
		};
/* End XCBuildConfiguration section */

/* Begin XCConfigurationList section */
		4FE4A89520F601A400A750EF /* Build configuration list for PBXProject "FilterSwiper" */ = {
			isa = XCConfigurationList;
			buildConfigurations = (
				4FE4A8AA20F601B100A750EF /* Debug */,
				4FE4A8AB20F601B100A750EF /* Release */,
			);
			defaultConfigurationIsVisible = 0;
			defaultConfigurationName = Release;
		};
		4FE4A8AC20F601B100A750EF /* Build configuration list for PBXNativeTarget "FilterSwiper" */ = {
			isa = XCConfigurationList;
			buildConfigurations = (
				4FE4A8AD20F601B100A750EF /* Debug */,
				4FE4A8AE20F601B100A750EF /* Release */,
			);
			defaultConfigurationIsVisible = 0;
			defaultConfigurationName = Release;
		};
/* End XCConfigurationList section */
	};
	rootObject = 4FE4A89220F601A400A750EF /* Project object */;
}
